// !$*UTF8*$!
{
	archiveVersion = 1;
	classes = {
	};
	objectVersion = 46;
	objects = {

/* Begin PBXBuildFile section */
		C6307CC51DF8AE4F00CD96D0 /* AppDelegate.swift in Sources */ = {isa = PBXBuildFile; fileRef = C6307CC41DF8AE4F00CD96D0 /* AppDelegate.swift */; };
		C6307CC71DF8AE4F00CD96D0 /* ViewController.swift in Sources */ = {isa = PBXBuildFile; fileRef = C6307CC61DF8AE4F00CD96D0 /* ViewController.swift */; };
		C6307CCA1DF8AE4F00CD96D0 /* Main.storyboard in Resources */ = {isa = PBXBuildFile; fileRef = C6307CC81DF8AE4F00CD96D0 /* Main.storyboard */; };
		C6307CCC1DF8AE4F00CD96D0 /* Assets.xcassets in Resources */ = {isa = PBXBuildFile; fileRef = C6307CCB1DF8AE4F00CD96D0 /* Assets.xcassets */; };
		C6307CCF1DF8AE4F00CD96D0 /* LaunchScreen.storyboard in Resources */ = {isa = PBXBuildFile; fileRef = C6307CCD1DF8AE4F00CD96D0 /* LaunchScreen.storyboard */; };
		C6307CD71DF8B04A00CD96D0 /* GoogleService-Info.plist in Resources */ = {isa = PBXBuildFile; fileRef = C6307CD61DF8B04A00CD96D0 /* GoogleService-Info.plist */; };
		C6307CD91DF8BD6B00CD96D0 /* DisplayCell.swift in Sources */ = {isa = PBXBuildFile; fileRef = C6307CD81DF8BD6B00CD96D0 /* DisplayCell.swift */; };
		C6BDA1691DF9B8D500ECA666 /* PurchaseVC.swift in Sources */ = {isa = PBXBuildFile; fileRef = C6BDA1681DF9B8D500ECA666 /* PurchaseVC.swift */; };
		DEB018122335D52B4DEEA8EE /* Pods_Back_Your_Watch.framework in Frameworks */ = {isa = PBXBuildFile; fileRef = 0E03D4C5AC090E8128E25793 /* Pods_Back_Your_Watch.framework */; };
/* End PBXBuildFile section */

/* Begin PBXFileReference section */
		0E03D4C5AC090E8128E25793 /* Pods_Back_Your_Watch.framework */ = {isa = PBXFileReference; explicitFileType = wrapper.framework; includeInIndex = 0; path = Pods_Back_Your_Watch.framework; sourceTree = BUILT_PRODUCTS_DIR; };
		5EC6FD6EADC62C6A523534F8 /* Pods-Back_Your_Watch.release.xcconfig */ = {isa = PBXFileReference; includeInIndex = 1; lastKnownFileType = text.xcconfig; name = "Pods-Back_Your_Watch.release.xcconfig"; path = "Pods/Target Support Files/Pods-Back_Your_Watch/Pods-Back_Your_Watch.release.xcconfig"; sourceTree = "<group>"; };
		663EAA49CD286B6B07902121 /* Pods-Back_Your_Watch.debug.xcconfig */ = {isa = PBXFileReference; includeInIndex = 1; lastKnownFileType = text.xcconfig; name = "Pods-Back_Your_Watch.debug.xcconfig"; path = "Pods/Target Support Files/Pods-Back_Your_Watch/Pods-Back_Your_Watch.debug.xcconfig"; sourceTree = "<group>"; };
		C6307CC11DF8AE4F00CD96D0 /* Back_Your_Watch.app */ = {isa = PBXFileReference; explicitFileType = wrapper.application; includeInIndex = 0; path = Back_Your_Watch.app; sourceTree = BUILT_PRODUCTS_DIR; };
		C6307CC41DF8AE4F00CD96D0 /* AppDelegate.swift */ = {isa = PBXFileReference; lastKnownFileType = sourcecode.swift; path = AppDelegate.swift; sourceTree = "<group>"; };
		C6307CC61DF8AE4F00CD96D0 /* ViewController.swift */ = {isa = PBXFileReference; lastKnownFileType = sourcecode.swift; path = ViewController.swift; sourceTree = "<group>"; };
		C6307CC91DF8AE4F00CD96D0 /* Base */ = {isa = PBXFileReference; lastKnownFileType = file.storyboard; name = Base; path = Base.lproj/Main.storyboard; sourceTree = "<group>"; };
		C6307CCB1DF8AE4F00CD96D0 /* Assets.xcassets */ = {isa = PBXFileReference; lastKnownFileType = folder.assetcatalog; path = Assets.xcassets; sourceTree = "<group>"; };
		C6307CCE1DF8AE4F00CD96D0 /* Base */ = {isa = PBXFileReference; lastKnownFileType = file.storyboard; name = Base; path = Base.lproj/LaunchScreen.storyboard; sourceTree = "<group>"; };
		C6307CD01DF8AE4F00CD96D0 /* Info.plist */ = {isa = PBXFileReference; lastKnownFileType = text.plist.xml; path = Info.plist; sourceTree = "<group>"; };
		C6307CD61DF8B04A00CD96D0 /* GoogleService-Info.plist */ = {isa = PBXFileReference; fileEncoding = 4; lastKnownFileType = text.plist.xml; path = "GoogleService-Info.plist"; sourceTree = "<group>"; };
		C6307CD81DF8BD6B00CD96D0 /* DisplayCell.swift */ = {isa = PBXFileReference; fileEncoding = 4; lastKnownFileType = sourcecode.swift; path = DisplayCell.swift; sourceTree = "<group>"; };
		C6BDA1681DF9B8D500ECA666 /* PurchaseVC.swift */ = {isa = PBXFileReference; fileEncoding = 4; lastKnownFileType = sourcecode.swift; path = PurchaseVC.swift; sourceTree = "<group>"; };
/* End PBXFileReference section */

/* Begin PBXFrameworksBuildPhase section */
		C6307CBE1DF8AE4F00CD96D0 /* Frameworks */ = {
			isa = PBXFrameworksBuildPhase;
			buildActionMask = 2147483647;
			files = (
				DEB018122335D52B4DEEA8EE /* Pods_Back_Your_Watch.framework in Frameworks */,
			);
			runOnlyForDeploymentPostprocessing = 0;
		};
/* End PBXFrameworksBuildPhase section */

/* Begin PBXGroup section */
		56472E76711644AAEA3B16BB /* Frameworks */ = {
			isa = PBXGroup;
			children = (
				0E03D4C5AC090E8128E25793 /* Pods_Back_Your_Watch.framework */,
			);
			name = Frameworks;
			sourceTree = "<group>";
		};
		C6307CB81DF8AE4F00CD96D0 = {
			isa = PBXGroup;
			children = (
				C6307CC31DF8AE4F00CD96D0 /* Back_Your_Watch */,
				C6307CC21DF8AE4F00CD96D0 /* Products */,
				DA1B4908D765249AF71BBD22 /* Pods */,
				56472E76711644AAEA3B16BB /* Frameworks */,
			);
			sourceTree = "<group>";
		};
		C6307CC21DF8AE4F00CD96D0 /* Products */ = {
			isa = PBXGroup;
			children = (
				C6307CC11DF8AE4F00CD96D0 /* Back_Your_Watch.app */,
			);
			name = Products;
			sourceTree = "<group>";
		};
		C6307CC31DF8AE4F00CD96D0 /* Back_Your_Watch */ = {
			isa = PBXGroup;
			children = (
				C6307CC41DF8AE4F00CD96D0 /* AppDelegate.swift */,
				C6307CC61DF8AE4F00CD96D0 /* ViewController.swift */,
				C6307CC81DF8AE4F00CD96D0 /* Main.storyboard */,
				C6307CCB1DF8AE4F00CD96D0 /* Assets.xcassets */,
				C6307CCD1DF8AE4F00CD96D0 /* LaunchScreen.storyboard */,
				C6307CD01DF8AE4F00CD96D0 /* Info.plist */,
				C6307CD61DF8B04A00CD96D0 /* GoogleService-Info.plist */,
				C6307CD81DF8BD6B00CD96D0 /* DisplayCell.swift */,
				C6BDA1681DF9B8D500ECA666 /* PurchaseVC.swift */,
			);
			path = Back_Your_Watch;
			sourceTree = "<group>";
		};
		DA1B4908D765249AF71BBD22 /* Pods */ = {
			isa = PBXGroup;
			children = (
				663EAA49CD286B6B07902121 /* Pods-Back_Your_Watch.debug.xcconfig */,
				5EC6FD6EADC62C6A523534F8 /* Pods-Back_Your_Watch.release.xcconfig */,
			);
			name = Pods;
			sourceTree = "<group>";
		};
/* End PBXGroup section */

/* Begin PBXNativeTarget section */
		C6307CC01DF8AE4F00CD96D0 /* Back_Your_Watch */ = {
			isa = PBXNativeTarget;
			buildConfigurationList = C6307CD31DF8AE4F00CD96D0 /* Build configuration list for PBXNativeTarget "Back_Your_Watch" */;
			buildPhases = (
				7FE86742CC35165157A3522A /* [CP] Check Pods Manifest.lock */,
				C6307CBD1DF8AE4F00CD96D0 /* Sources */,
				C6307CBE1DF8AE4F00CD96D0 /* Frameworks */,
				C6307CBF1DF8AE4F00CD96D0 /* Resources */,
				A9A950AD90F654E03F86720F /* [CP] Embed Pods Frameworks */,
				F06B1A816DC133F9F2A49FFE /* [CP] Copy Pods Resources */,
			);
			buildRules = (
			);
			dependencies = (
			);
			name = Back_Your_Watch;
			productName = Back_Your_Watch;
			productReference = C6307CC11DF8AE4F00CD96D0 /* Back_Your_Watch.app */;
			productType = "com.apple.product-type.application";
		};
/* End PBXNativeTarget section */

/* Begin PBXProject section */
		C6307CB91DF8AE4F00CD96D0 /* Project object */ = {
			isa = PBXProject;
			attributes = {
				LastSwiftUpdateCheck = 0800;
				LastUpgradeCheck = 0800;
				ORGANIZATIONNAME = "Nathan Brewer";
				TargetAttributes = {
					C6307CC01DF8AE4F00CD96D0 = {
						CreatedOnToolsVersion = 8.0;
						DevelopmentTeam = L9N5DJLS38;
						ProvisioningStyle = Automatic;
					};
				};
			};
			buildConfigurationList = C6307CBC1DF8AE4F00CD96D0 /* Build configuration list for PBXProject "Back_Your_Watch" */;
			compatibilityVersion = "Xcode 3.2";
			developmentRegion = English;
			hasScannedForEncodings = 0;
			knownRegions = (
				en,
				Base,
			);
			mainGroup = C6307CB81DF8AE4F00CD96D0;
			productRefGroup = C6307CC21DF8AE4F00CD96D0 /* Products */;
			projectDirPath = "";
			projectRoot = "";
			targets = (
				C6307CC01DF8AE4F00CD96D0 /* Back_Your_Watch */,
			);
		};
/* End PBXProject section */

/* Begin PBXResourcesBuildPhase section */
		C6307CBF1DF8AE4F00CD96D0 /* Resources */ = {
			isa = PBXResourcesBuildPhase;
			buildActionMask = 2147483647;
			files = (
				C6307CCF1DF8AE4F00CD96D0 /* LaunchScreen.storyboard in Resources */,
				C6307CD71DF8B04A00CD96D0 /* GoogleService-Info.plist in Resources */,
				C6307CCC1DF8AE4F00CD96D0 /* Assets.xcassets in Resources */,
				C6307CCA1DF8AE4F00CD96D0 /* Main.storyboard in Resources */,
			);
			runOnlyForDeploymentPostprocessing = 0;
		};
/* End PBXResourcesBuildPhase section */

/* Begin PBXShellScriptBuildPhase section */
		7FE86742CC35165157A3522A /* [CP] Check Pods Manifest.lock */ = {
			isa = PBXShellScriptBuildPhase;
			buildActionMask = 2147483647;
			files = (
			);
			inputPaths = (
			);
			name = "[CP] Check Pods Manifest.lock";
			outputPaths = (
			);
			runOnlyForDeploymentPostprocessing = 0;
			shellPath = /bin/sh;
			shellScript = "diff \"${PODS_ROOT}/../Podfile.lock\" \"${PODS_ROOT}/Manifest.lock\" > /dev/null\nif [ $? != 0 ] ; then\n    # print error to STDERR\n    echo \"error: The sandbox is not in sync with the Podfile.lock. Run 'pod install' or update your CocoaPods installation.\" >&2\n    exit 1\nfi\n";
			showEnvVarsInLog = 0;
		};
		A9A950AD90F654E03F86720F /* [CP] Embed Pods Frameworks */ = {
			isa = PBXShellScriptBuildPhase;
			buildActionMask = 2147483647;
			files = (
			);
			inputPaths = (
			);
			name = "[CP] Embed Pods Frameworks";
			outputPaths = (
			);
			runOnlyForDeploymentPostprocessing = 0;
			shellPath = /bin/sh;
			shellScript = "\"${SRCROOT}/Pods/Target Support Files/Pods-Back_Your_Watch/Pods-Back_Your_Watch-frameworks.sh\"\n";
			showEnvVarsInLog = 0;
		};
		F06B1A816DC133F9F2A49FFE /* [CP] Copy Pods Resources */ = {
			isa = PBXShellScriptBuildPhase;
			buildActionMask = 2147483647;
			files = (
			);
			inputPaths = (
			);
			name = "[CP] Copy Pods Resources";
			outputPaths = (
			);
			runOnlyForDeploymentPostprocessing = 0;
			shellPath = /bin/sh;
			shellScript = "\"${SRCROOT}/Pods/Target Support Files/Pods-Back_Your_Watch/Pods-Back_Your_Watch-resources.sh\"\n";
			showEnvVarsInLog = 0;
		};
/* End PBXShellScriptBuildPhase section */

/* Begin PBXSourcesBuildPhase section */
		C6307CBD1DF8AE4F00CD96D0 /* Sources */ = {
			isa = PBXSourcesBuildPhase;
			buildActionMask = 2147483647;
			files = (
				C6307CC71DF8AE4F00CD96D0 /* ViewController.swift in Sources */,
				C6307CC51DF8AE4F00CD96D0 /* AppDelegate.swift in Sources */,
				C6307CD91DF8BD6B00CD96D0 /* DisplayCell.swift in Sources */,
				C6BDA1691DF9B8D500ECA666 /* PurchaseVC.swift in Sources */,
			);
			runOnlyForDeploymentPostprocessing = 0;
		};
/* End PBXSourcesBuildPhase section */

/* Begin PBXVariantGroup section */
		C6307CC81DF8AE4F00CD96D0 /* Main.storyboard */ = {
			isa = PBXVariantGroup;
			children = (
				C6307CC91DF8AE4F00CD96D0 /* Base */,
			);
			name = Main.storyboard;
			sourceTree = "<group>";
		};
		C6307CCD1DF8AE4F00CD96D0 /* LaunchScreen.storyboard */ = {
			isa = PBXVariantGroup;
			children = (
				C6307CCE1DF8AE4F00CD96D0 /* Base */,
			);
			name = LaunchScreen.storyboard;
			sourceTree = "<group>";
		};
/* End PBXVariantGroup section */

/* Begin XCBuildConfiguration section */
		C6307CD11DF8AE4F00CD96D0 /* Debug */ = {
			isa = XCBuildConfiguration;
			buildSettings = {
				ALWAYS_SEARCH_USER_PATHS = NO;
				CLANG_ANALYZER_NONNULL = YES;
				CLANG_CXX_LANGUAGE_STANDARD = "gnu++0x";
				CLANG_CXX_LIBRARY = "libc++";
				CLANG_ENABLE_MODULES = YES;
				CLANG_ENABLE_OBJC_ARC = YES;
				CLANG_WARN_BOOL_CONVERSION = YES;
				CLANG_WARN_CONSTANT_CONVERSION = YES;
				CLANG_WARN_DIRECT_OBJC_ISA_USAGE = YES_ERROR;
				CLANG_WARN_DOCUMENTATION_COMMENTS = YES;
				CLANG_WARN_EMPTY_BODY = YES;
				CLANG_WARN_ENUM_CONVERSION = YES;
				CLANG_WARN_INFINITE_RECURSION = YES;
				CLANG_WARN_INT_CONVERSION = YES;
				CLANG_WARN_OBJC_ROOT_CLASS = YES_ERROR;
				CLANG_WARN_SUSPICIOUS_MOVES = YES;
				CLANG_WARN_UNREACHABLE_CODE = YES;
				CLANG_WARN__DUPLICATE_METHOD_MATCH = YES;
				"CODE_SIGN_IDENTITY[sdk=iphoneos*]" = "iPhone Developer";
				COPY_PHASE_STRIP = NO;
				DEBUG_INFORMATION_FORMAT = dwarf;
				ENABLE_STRICT_OBJC_MSGSEND = YES;
				ENABLE_TESTABILITY = YES;
				GCC_C_LANGUAGE_STANDARD = gnu99;
				GCC_DYNAMIC_NO_PIC = NO;
				GCC_NO_COMMON_BLOCKS = YES;
				GCC_OPTIMIZATION_LEVEL = 0;
				GCC_PREPROCESSOR_DEFINITIONS = (
					"DEBUG=1",
					"$(inherited)",
				);
				GCC_WARN_64_TO_32_BIT_CONVERSION = YES;
				GCC_WARN_ABOUT_RETURN_TYPE = YES_ERROR;
				GCC_WARN_UNDECLARED_SELECTOR = YES;
				GCC_WARN_UNINITIALIZED_AUTOS = YES_AGGRESSIVE;
				GCC_WARN_UNUSED_FUNCTION = YES;
				GCC_WARN_UNUSED_VARIABLE = YES;
				IPHONEOS_DEPLOYMENT_TARGET = 10.0;
				MTL_ENABLE_DEBUG_INFO = YES;
				ONLY_ACTIVE_ARCH = YES;
				SDKROOT = iphoneos;
				SWIFT_ACTIVE_COMPILATION_CONDITIONS = DEBUG;
				SWIFT_OPTIMIZATION_LEVEL = "-Onone";
				TARGETED_DEVICE_FAMILY = "1,2";
			};
			name = Debug;
		};
		C6307CD21DF8AE4F00CD96D0 /* Release */ = {
			isa = XCBuildConfiguration;
			buildSettings = {
				ALWAYS_SEARCH_USER_PATHS = NO;
				CLANG_ANALYZER_NONNULL = YES;
				CLANG_CXX_LANGUAGE_STANDARD = "gnu++0x";
				CLANG_CXX_LIBRARY = "libc++";
				CLANG_ENABLE_MODULES = YES;
				CLANG_ENABLE_OBJC_ARC = YES;
				CLANG_WARN_BOOL_CONVERSION = YES;
				CLANG_WARN_CONSTANT_CONVERSION = YES;
				CLANG_WARN_DIRECT_OBJC_ISA_USAGE = YES_ERROR;
				CLANG_WARN_DOCUMENTATION_COMMENTS = YES;
				CLANG_WARN_EMPTY_BODY = YES;
				CLANG_WARN_ENUM_CONVERSION = YES;
				CLANG_WARN_INFINITE_RECURSION = YES;
				CLANG_WARN_INT_CONVERSION = YES;
				CLANG_WARN_OBJC_ROOT_CLASS = YES_ERROR;
				CLANG_WARN_SUSPICIOUS_MOVES = YES;
				CLANG_WARN_UNREACHABLE_CODE = YES;
				CLANG_WARN__DUPLICATE_METHOD_MATCH = YES;
				"CODE_SIGN_IDENTITY[sdk=iphoneos*]" = "iPhone Developer";
				COPY_PHASE_STRIP = NO;
				DEBUG_INFORMATION_FORMAT = "dwarf-with-dsym";
				ENABLE_NS_ASSERTIONS = NO;
				ENABLE_STRICT_OBJC_MSGSEND = YES;
				GCC_C_LANGUAGE_STANDARD = gnu99;
				GCC_NO_COMMON_BLOCKS = YES;
				GCC_WARN_64_TO_32_BIT_CONVERSION = YES;
				GCC_WARN_ABOUT_RETURN_TYPE = YES_ERROR;
				GCC_WARN_UNDECLARED_SELECTOR = YES;
				GCC_WARN_UNINITIALIZED_AUTOS = YES_AGGRESSIVE;
				GCC_WARN_UNUSED_FUNCTION = YES;
				GCC_WARN_UNUSED_VARIABLE = YES;
				IPHONEOS_DEPLOYMENT_TARGET = 10.0;
				MTL_ENABLE_DEBUG_INFO = NO;
				SDKROOT = iphoneos;
				SWIFT_OPTIMIZATION_LEVEL = "-Owholemodule";
				TARGETED_DEVICE_FAMILY = "1,2";
				VALIDATE_PRODUCT = YES;
			};
			name = Release;
		};
		C6307CD41DF8AE4F00CD96D0 /* Debug */ = {
			isa = XCBuildConfiguration;
			baseConfigurationReference = 663EAA49CD286B6B07902121 /* Pods-Back_Your_Watch.debug.xcconfig */;
			buildSettings = {
				ASSETCATALOG_COMPILER_APPICON_NAME = AppIcon;
				DEVELOPMENT_TEAM = L9N5DJLS38;
				INFOPLIST_FILE = Back_Your_Watch/Info.plist;
				LD_RUNPATH_SEARCH_PATHS = "$(inherited) @executable_path/Frameworks";
				PRODUCT_BUNDLE_IDENTIFIER = "com.nathan.Back-Your-Watch";
				PRODUCT_NAME = "$(TARGET_NAME)";
				SWIFT_VERSION = 3.0;
				TARGETED_DEVICE_FAMILY = 1;
			};
			name = Debug;
		};
		C6307CD51DF8AE4F00CD96D0 /* Release */ = {
			isa = XCBuildConfiguration;
			baseConfigurationReference = 5EC6FD6EADC62C6A523534F8 /* Pods-Back_Your_Watch.release.xcconfig */;
			buildSettings = {
				ASSETCATALOG_COMPILER_APPICON_NAME = AppIcon;
				DEVELOPMENT_TEAM = L9N5DJLS38;
				INFOPLIST_FILE = Back_Your_Watch/Info.plist;
				LD_RUNPATH_SEARCH_PATHS = "$(inherited) @executable_path/Frameworks";
				PRODUCT_BUNDLE_IDENTIFIER = "com.nathan.Back-Your-Watch";
				PRODUCT_NAME = "$(TARGET_NAME)";
				SWIFT_VERSION = 3.0;
				TARGETED_DEVICE_FAMILY = 1;
			};
			name = Release;
		};
/* End XCBuildConfiguration section */

/* Begin XCConfigurationList section */
		C6307CBC1DF8AE4F00CD96D0 /* Build configuration list for PBXProject "Back_Your_Watch" */ = {
			isa = XCConfigurationList;
			buildConfigurations = (
				C6307CD11DF8AE4F00CD96D0 /* Debug */,
				C6307CD21DF8AE4F00CD96D0 /* Release */,
			);
			defaultConfigurationIsVisible = 0;
			defaultConfigurationName = Release;
		};
		C6307CD31DF8AE4F00CD96D0 /* Build configuration list for PBXNativeTarget "Back_Your_Watch" */ = {
			isa = XCConfigurationList;
			buildConfigurations = (
				C6307CD41DF8AE4F00CD96D0 /* Debug */,
				C6307CD51DF8AE4F00CD96D0 /* Release */,
			);
			defaultConfigurationIsVisible = 0;
			defaultConfigurationName = Release;
		};
/* End XCConfigurationList section */
	};
	rootObject = C6307CB91DF8AE4F00CD96D0 /* Project object */;
}
